
Microsoft Visual Studio Solution File, Format Version 12.00
# Visual Studio 14
VisualStudioVersion = 14.0.25123.0
MinimumVisualStudioVersion = 10.0.40219.1
Project("{FAE04EC0-301F-11D3-BF4B-00C04F79EFBC}") = "Light.GuardClauses.Examples", "Light.GuardClauses.Examples\Light.GuardClauses.Examples.csproj", "{D21605FF-0A67-4D9C-AE7B-564FC6F8FB05}"
EndProject
Project("{2150E333-8FDC-42A3-9474-1A3956D46DE8}") = "Solution Items", "Solution Items", "{80D7B22D-8267-468F-9450-3AAE69013E05}"
	ProjectSection(SolutionItems) = preProject
		CodeSnippets.snippet = CodeSnippets.snippet
	EndProjectSection
EndProject
Project("{FAE04EC0-301F-11D3-BF4B-00C04F79EFBC}") = "Light.GuardClauses.PerformanceTests", "Light.GuardClauses.PerformanceTests\Light.GuardClauses.PerformanceTests.csproj", "{D73B9A8F-E56F-47D9-B22B-E8944A388FED}"
EndProject
Global
	GlobalSection(SolutionConfigurationPlatforms) = preSolution
		Debug|Any CPU = Debug|Any CPU
		Release|Any CPU = Release|Any CPU
	EndGlobalSection
	GlobalSection(ProjectConfigurationPlatforms) = postSolution
		{D21605FF-0A67-4D9C-AE7B-564FC6F8FB05}.Debug|Any CPU.ActiveCfg = Debug|Any CPU
		{D21605FF-0A67-4D9C-AE7B-564FC6F8FB05}.Debug|Any CPU.Build.0 = Debug|Any CPU
		{D21605FF-0A67-4D9C-AE7B-564FC6F8FB05}.Release|Any CPU.ActiveCfg = Release|Any CPU
		{D21605FF-0A67-4D9C-AE7B-564FC6F8FB05}.Release|Any CPU.Build.0 = Release|Any CPU
		{D73B9A8F-E56F-47D9-B22B-E8944A388FED}.Debug|Any CPU.ActiveCfg = Debug|Any CPU
		{D73B9A8F-E56F-47D9-B22B-E8944A388FED}.Debug|Any CPU.Build.0 = Debug|Any CPU
		{D73B9A8F-E56F-47D9-B22B-E8944A388FED}.Release|Any CPU.ActiveCfg = Release|Any CPU
		{D73B9A8F-E56F-47D9-B22B-E8944A388FED}.Release|Any CPU.Build.0 = Release|Any CPU
	EndGlobalSection
	GlobalSection(SolutionProperties) = preSolution
		HideSolutionNode = FALSE
	EndGlobalSection
EndGlobal
